<?xml version="1.0" encoding="utf-8"?>
<Project ToolsVersion="4.0" xmlns="http://schemas.microsoft.com/developer/msbuild/2003">
  <ItemGroup>
    <Filter Include="來源檔案">
      <UniqueIdentifier>{4FC737F1-C7A5-4376-A066-2A32D752A2FF}</UniqueIdentifier>
      <Extensions>cpp;c;cc;cxx;c++;def;odl;idl;hpj;bat;asm;asmx</Extensions>
    </Filter>
    <Filter Include="標頭檔">
      <UniqueIdentifier>{93995380-89BD-4b04-88EB-625FBE52EBFB}</UniqueIdentifier>
      <Extensions>h;hh;hpp;hxx;h++;hm;inl;inc;ipp;xsd</Extensions>
    </Filter>
    <Filter Include="資源檔">
      <UniqueIdentifier>{67DA6AB6-F800-4c08-8B7A-83BB121AAD01}</UniqueIdentifier>
      <Extensions>rc;ico;cur;bmp;dlg;rc2;rct;bin;rgs;gif;jpg;jpeg;jpe;resx;tiff;tif;png;wav;mfcribbon-ms</Extensions>
    </Filter>
    <Filter Include="資源檔\common">
      <UniqueIdentifier>{059fbe2d-e7c1-435f-9d7d-3ec307cbd264}</UniqueIdentifier>
    </Filter>
    <Filter Include="資源檔\opengl">
      <UniqueIdentifier>{c3b7a5ae-d56f-4ef8-b1bf-2cb9f4397449}</UniqueIdentifier>
    </Filter>
    <Filter Include="資源檔\scenes">
      <UniqueIdentifier>{34dfdf78-8d64-4424-94bf-929ddff734c3}</UniqueIdentifier>
    </Filter>
    <Filter Include="標頭檔\common">
      <UniqueIdentifier>{3e36a7dd-0581-4a57-b88d-f626ac90acf2}</UniqueIdentifier>
    </Filter>
    <Filter Include="標頭檔\opengl">
      <UniqueIdentifier>{347fcdaf-c93e-4449-b361-2485772eff96}</UniqueIdentifier>
    </Filter>
    <Filter Include="標頭檔\scenes">
      <UniqueIdentifier>{e3a3422d-ee3d-4235-b358-ab60af114b75}</UniqueIdentifier>
    </Filter>
  </ItemGroup>
  <ItemGroup>
    <ClCompile Include="..\..\Include\glad\glad.c">
      <Filter>來源檔案</Filter>
    </ClCompile>
    <ClCompile Include="main\main.cpp">
      <Filter>資源檔</Filter>
    </ClCompile>
    <ClCompile Include="Viewer\_DEBUG_OBJECT.hpp">
      <Filter>標頭檔</Filter>
    </ClCompile>
    <ClCompile Include="Viewer\GLcontroller.cpp">
      <Filter>資源檔\opengl</Filter>
    </ClCompile>
    <ClCompile Include="Viewer\GLtexture.cpp">
      <Filter>資源檔\opengl</Filter>
    </ClCompile>
    <ClCompile Include="Viewer\GLprogram.cpp">
      <Filter>資源檔\opengl</Filter>
    </ClCompile>
    <ClCompile Include="Viewer\GLbuffer.cpp">
      <Filter>資源檔\opengl</Filter>
    </ClCompile>
    <ClCompile Include="Viewer\GLobject.cpp">
      <Filter>資源檔\opengl</Filter>
    </ClCompile>
    <ClCompile Include="Viewer\common_context.cpp">
      <Filter>資源檔\common</Filter>
    </ClCompile>
    <ClCompile Include="Viewer\file_manager.cpp">
      <Filter>資源檔\common</Filter>
    </ClCompile>
    <ClCompile Include="Viewer\GLcolor.cpp">
      <Filter>資源檔\opengl</Filter>
    </ClCompile>
    <ClCompile Include="Viewer\bitmap_img.cpp">
      <Filter>資源檔\common</Filter>
    </ClCompile>
    <ClCompile Include="Viewer\GLskybox.cpp">
      <Filter>資源檔\opengl</Filter>
    </ClCompile>
    <ClCompile Include="Viewer\scenes_engine.cpp">
      <Filter>資源檔\scenes</Filter>
    </ClCompile>
    <ClCompile Include="Viewer\scenes_controller.cpp">
      <Filter>資源檔\scenes</Filter>
    </ClCompile>
    <ClCompile Include="Viewer\main_context.cpp">
      <Filter>資源檔</Filter>
    </ClCompile>
    <ClCompile Include="Viewer\camera.cpp">
      <Filter>資源檔\common</Filter>
    </ClCompile>
    <ClCompile Include="Viewer\scenes_object.cpp">
      <Filter>資源檔\scenes</Filter>
    </ClCompile>
    <ClCompile Include="Viewer\scenes_skybox.cpp">
      <Filter>資源檔\scenes</Filter>
    </ClCompile>
  </ItemGroup>
  <ItemGroup>
    <ClInclude Include="Viewer\GLcontroller.h">
      <Filter>標頭檔\opengl</Filter>
    </ClInclude>
    <ClInclude Include="Viewer\GLtexture.h">
      <Filter>標頭檔\opengl</Filter>
    </ClInclude>
    <ClInclude Include="Viewer\GLprogram.h">
      <Filter>標頭檔\opengl</Filter>
    </ClInclude>
    <ClInclude Include="Viewer\GLbuffer.h">
      <Filter>標頭檔\opengl</Filter>
    </ClInclude>
    <ClInclude Include="Viewer\GLobject.h">
      <Filter>標頭檔\opengl</Filter>
    </ClInclude>
    <ClInclude Include="Viewer\common_context.h">
      <Filter>標頭檔\common</Filter>
    </ClInclude>
    <ClInclude Include="Viewer\file_manager.h">
      <Filter>標頭檔\common</Filter>
    </ClInclude>
    <ClInclude Include="Viewer\GLcolor.h">
      <Filter>標頭檔\opengl</Filter>
    </ClInclude>
    <ClInclude Include="Viewer\bitmap_img.h">
      <Filter>標頭檔\common</Filter>
    </ClInclude>
    <ClInclude Include="Viewer\GLTFobject.h">
      <Filter>標頭檔\opengl</Filter>
    </ClInclude>
    <ClInclude Include="Viewer\GLskybox.h">
      <Filter>標頭檔\opengl</Filter>
    </ClInclude>
    <ClInclude Include="Viewer\scenes_engine.h">
      <Filter>標頭檔\scenes</Filter>
    </ClInclude>
    <ClInclude Include="Viewer\scenes_controller.h">
      <Filter>標頭檔\scenes</Filter>
    </ClInclude>
    <ClInclude Include="Viewer\main_context.h">
      <Filter>標頭檔</Filter>
    </ClInclude>
    <ClInclude Include="Viewer\camera.h">
      <Filter>標頭檔\common</Filter>
    </ClInclude>
    <ClInclude Include="Viewer\scenes_object.h">
      <Filter>標頭檔\scenes</Filter>
    </ClInclude>
    <ClInclude Include="Viewer\scenes_skybox.h">
      <Filter>標頭檔\scenes</Filter>
    </ClInclude>
  </ItemGroup>
</Project>